
Microsoft Visual Studio Solution File, Format Version 12.00
# Visual Studio Version 17
VisualStudioVersion = 17.1.32421.90
MinimumVisualStudioVersion = 10.0.40219.1
Project("{FAE04EC0-301F-11D3-BF4B-00C04F79EFBC}") = "DivinitySoftworks.Apps.TravelExpenses", "DivinitySoftworks.Apps.TravelExpenses\DivinitySoftworks.Apps.TravelExpenses.csproj", "{F3F3A78A-0A26-4282-9513-76561F1EB7BB}"
EndProject
Global
	GlobalSection(SolutionConfigurationPlatforms) = preSolution
		Debug|Any CPU = Debug|Any CPU
		Release|Any CPU = Release|Any CPU
	EndGlobalSection
	GlobalSection(ProjectConfigurationPlatforms) = postSolution
		{F3F3A78A-0A26-4282-9513-76561F1EB7BB}.Debug|Any CPU.ActiveCfg = Debug|Any CPU
		{F3F3A78A-0A26-4282-9513-76561F1EB7BB}.Debug|Any CPU.Build.0 = Debug|Any CPU
		{F3F3A78A-0A26-4282-9513-76561F1EB7BB}.Release|Any CPU.ActiveCfg = Release|Any CPU
		{F3F3A78A-0A26-4282-9513-76561F1EB7BB}.Release|Any CPU.Build.0 = Release|Any CPU
	EndGlobalSection
	GlobalSection(SolutionProperties) = preSolution
		HideSolutionNode = FALSE
	EndGlobalSection
	GlobalSection(ExtensibilityGlobals) = postSolution
		SolutionGuid = {314CC9A2-5643-47BC-8D87-63CB2F82799A}
	EndGlobalSection
EndGlobal
